
Microsoft Visual Studio Solution File, Format Version 12.00
# Visual Studio 15
VisualStudioVersion = 15.0.27130.2026
MinimumVisualStudioVersion = 10.0.40219.1
Project("{FAE04EC0-301F-11D3-BF4B-00C04F79EFBC}") = "PlutoRover.Library", "PlutoRover.Library\PlutoRover.Library.csproj", "{4FE050B1-89B3-4193-8E24-01ACB97F6A98}"
EndProject
Project("{2150E333-8FDC-42A3-9474-1A3956D46DE8}") = "Tests", "Tests", "{B9F67A64-615C-4A17-9D3E-9141A8F5EB95}"
EndProject
Project("{FAE04EC0-301F-11D3-BF4B-00C04F79EFBC}") = "PlutoRover.Abstractions", "PlutoRover.Abstractions\PlutoRover.Abstractions.csproj", "{1DD551B1-40D5-4F85-A9CA-04ECC34BBB6B}"
EndProject
Project("{FAE04EC0-301F-11D3-BF4B-00C04F79EFBC}") = "PlutoRover.Tests", "PlutoRover.Tests\PlutoRover.Tests.csproj", "{E007010C-6208-4908-9FC2-3E359308F7CF}"
EndProject
Global
	GlobalSection(SolutionConfigurationPlatforms) = preSolution
		Debug|Any CPU = Debug|Any CPU
		Release|Any CPU = Release|Any CPU
	EndGlobalSection
	GlobalSection(ProjectConfigurationPlatforms) = postSolution
		{4FE050B1-89B3-4193-8E24-01ACB97F6A98}.Debug|Any CPU.ActiveCfg = Debug|Any CPU
		{4FE050B1-89B3-4193-8E24-01ACB97F6A98}.Debug|Any CPU.Build.0 = Debug|Any CPU
		{4FE050B1-89B3-4193-8E24-01ACB97F6A98}.Release|Any CPU.ActiveCfg = Release|Any CPU
		{4FE050B1-89B3-4193-8E24-01ACB97F6A98}.Release|Any CPU.Build.0 = Release|Any CPU
		{1DD551B1-40D5-4F85-A9CA-04ECC34BBB6B}.Debug|Any CPU.ActiveCfg = Debug|Any CPU
		{1DD551B1-40D5-4F85-A9CA-04ECC34BBB6B}.Debug|Any CPU.Build.0 = Debug|Any CPU
		{1DD551B1-40D5-4F85-A9CA-04ECC34BBB6B}.Release|Any CPU.ActiveCfg = Release|Any CPU
		{1DD551B1-40D5-4F85-A9CA-04ECC34BBB6B}.Release|Any CPU.Build.0 = Release|Any CPU
		{E007010C-6208-4908-9FC2-3E359308F7CF}.Debug|Any CPU.ActiveCfg = Debug|Any CPU
		{E007010C-6208-4908-9FC2-3E359308F7CF}.Debug|Any CPU.Build.0 = Debug|Any CPU
		{E007010C-6208-4908-9FC2-3E359308F7CF}.Release|Any CPU.ActiveCfg = Release|Any CPU
		{E007010C-6208-4908-9FC2-3E359308F7CF}.Release|Any CPU.Build.0 = Release|Any CPU
	EndGlobalSection
	GlobalSection(SolutionProperties) = preSolution
		HideSolutionNode = FALSE
	EndGlobalSection
	GlobalSection(NestedProjects) = preSolution
		{E007010C-6208-4908-9FC2-3E359308F7CF} = {B9F67A64-615C-4A17-9D3E-9141A8F5EB95}
	EndGlobalSection
	GlobalSection(ExtensibilityGlobals) = postSolution
		SolutionGuid = {E5753BFD-5B97-4C10-95D9-40882A37D543}
	EndGlobalSection
EndGlobal
